// !$*UTF8*$!
{
	archiveVersion = 1;
	classes = {
	};
	objectVersion = 77;
	objects = {

/* Begin PBXContainerItemProxy section */
		CE3E3D202DDF7D9400D699CC /* PBXContainerItemProxy */ = {
			isa = PBXContainerItemProxy;
			containerPortal = CE3E3D082DDF7D9100D699CC /* Project object */;
			proxyType = 1;
			remoteGlobalIDString = CE3E3D0F2DDF7D9100D699CC;
			remoteInfo = "ios-example";
		};
		CE3E3D2A2DDF7D9400D699CC /* PBXContainerItemProxy */ = {
			isa = PBXContainerItemProxy;
			containerPortal = CE3E3D082DDF7D9100D699CC /* Project object */;
			proxyType = 1;
			remoteGlobalIDString = CE3E3D0F2DDF7D9100D699CC;
			remoteInfo = "ios-example";
		};
/* End PBXContainerItemProxy section */

/* Begin PBXFileReference section */
		CE3E3D102DDF7D9100D699CC /* ios-example.app */ = {isa = PBXFileReference; explicitFileType = wrapper.application; includeInIndex = 0; path = "ios-example.app"; sourceTree = BUILT_PRODUCTS_DIR; };
		CE3E3D1F2DDF7D9400D699CC /* ios-exampleTests.xctest */ = {isa = PBXFileReference; explicitFileType = wrapper.cfbundle; includeInIndex = 0; path = "ios-exampleTests.xctest"; sourceTree = BUILT_PRODUCTS_DIR; };
		CE3E3D292DDF7D9400D699CC /* ios-exampleUITests.xctest */ = {isa = PBXFileReference; explicitFileType = wrapper.cfbundle; includeInIndex = 0; path = "ios-exampleUITests.xctest"; sourceTree = BUILT_PRODUCTS_DIR; };
/* End PBXFileReference section */

/* Begin PBXFileSystemSynchronizedRootGroup section */
		CE3E3D122DDF7D9100D699CC /* ios-example */ = {
			isa = PBXFileSystemSynchronizedRootGroup;
			path = "ios-example";
			sourceTree = "<group>";
		};
		CE3E3D222DDF7D9400D699CC /* ios-exampleTests */ = {
			isa = PBXFileSystemSynchronizedRootGroup;
			path = "ios-exampleTests";
			sourceTree = "<group>";
		};
		CE3E3D2C2DDF7D9400D699CC /* ios-exampleUITests */ = {
			isa = PBXFileSystemSynchronizedRootGroup;
			path = "ios-exampleUITests";
			sourceTree = "<group>";
		};
/* End PBXFileSystemSynchronizedRootGroup section */

/* Begin PBXFrameworksBuildPhase section */
		CE3E3D0D2DDF7D9100D699CC /* Frameworks */ = {
			isa = PBXFrameworksBuildPhase;
			buildActionMask = 2147483647;
			files = (
			);
			runOnlyForDeploymentPostprocessing = 0;
		};
		CE3E3D1C2DDF7D9400D699CC /* Frameworks */ = {
			isa = PBXFrameworksBuildPhase;
			buildActionMask = 2147483647;
			files = (
			);
			runOnlyForDeploymentPostprocessing = 0;
		};
		CE3E3D262DDF7D9400D699CC /* Frameworks */ = {
			isa = PBXFrameworksBuildPhase;
			buildActionMask = 2147483647;
			files = (
			);
			runOnlyForDeploymentPostprocessing = 0;
		};
/* End PBXFrameworksBuildPhase section */

/* Begin PBXGroup section */
		CE3E3D072DDF7D9100D699CC = {
			isa = PBXGroup;
			children = (
				CE3E3D122DDF7D9100D699CC /* ios-example */,
				CE3E3D222DDF7D9400D699CC /* ios-exampleTests */,
				CE3E3D2C2DDF7D9400D699CC /* ios-exampleUITests */,
				CE3E3D112DDF7D9100D699CC /* Products */,
			);
			sourceTree = "<group>";
		};
		CE3E3D112DDF7D9100D699CC /* Products */ = {
			isa = PBXGroup;
			children = (
				CE3E3D102DDF7D9100D699CC /* ios-example.app */,
				CE3E3D1F2DDF7D9400D699CC /* ios-exampleTests.xctest */,
				CE3E3D292DDF7D9400D699CC /* ios-exampleUITests.xctest */,
			);
			name = Products;
			sourceTree = "<group>";
		};
/* End PBXGroup section */

/* Begin PBXNativeTarget section */
		CE3E3D0F2DDF7D9100D699CC /* ios-example */ = {
			isa = PBXNativeTarget;
			buildConfigurationList = CE3E3D332DDF7D9400D699CC /* Build configuration list for PBXNativeTarget "ios-example" */;
			buildPhases = (
				CE3E3D0C2DDF7D9100D699CC /* Sources */,
				CE3E3D0D2DDF7D9100D699CC /* Frameworks */,
				CE3E3D0E2DDF7D9100D699CC /* Resources */,
			);
			buildRules = (
			);
			dependencies = (
			);
			fileSystemSynchronizedGroups = (
				CE3E3D122DDF7D9100D699CC /* ios-example */,
			);
			name = "ios-example";
			packageProductDependencies = (
			);
			productName = "ios-example";
			productReference = CE3E3D102DDF7D9100D699CC /* ios-example.app */;
			productType = "com.apple.product-type.application";
		};
		CE3E3D1E2DDF7D9400D699CC /* ios-exampleTests */ = {
			isa = PBXNativeTarget;
			buildConfigurationList = CE3E3D362DDF7D9400D699CC /* Build configuration list for PBXNativeTarget "ios-exampleTests" */;
			buildPhases = (
				CE3E3D1B2DDF7D9400D699CC /* Sources */,
				CE3E3D1C2DDF7D9400D699CC /* Frameworks */,
				CE3E3D1D2DDF7D9400D699CC /* Resources */,
			);
			buildRules = (
			);
			dependencies = (
				CE3E3D212DDF7D9400D699CC /* PBXTargetDependency */,
			);
			fileSystemSynchronizedGroups = (
				CE3E3D222DDF7D9400D699CC /* ios-exampleTests */,
			);
			name = "ios-exampleTests";
			packageProductDependencies = (
			);
			productName = "ios-exampleTests";
			productReference = CE3E3D1F2DDF7D9400D699CC /* ios-exampleTests.xctest */;
			productType = "com.apple.product-type.bundle.unit-test";
		};
		CE3E3D282DDF7D9400D699CC /* ios-exampleUITests */ = {
			isa = PBXNativeTarget;
			buildConfigurationList = CE3E3D392DDF7D9400D699CC /* Build configuration list for PBXNativeTarget "ios-exampleUITests" */;
			buildPhases = (
				CE3E3D252DDF7D9400D699CC /* Sources */,
				CE3E3D262DDF7D9400D699CC /* Frameworks */,
				CE3E3D272DDF7D9400D699CC /* Resources */,
			);
			buildRules = (
			);
			dependencies = (
				CE3E3D2B2DDF7D9400D699CC /* PBXTargetDependency */,
			);
			fileSystemSynchronizedGroups = (
				CE3E3D2C2DDF7D9400D699CC /* ios-exampleUITests */,
			);
			name = "ios-exampleUITests";
			packageProductDependencies = (
			);
			productName = "ios-exampleUITests";
			productReference = CE3E3D292DDF7D9400D699CC /* ios-exampleUITests.xctest */;
			productType = "com.apple.product-type.bundle.ui-testing";
		};
/* End PBXNativeTarget section */

/* Begin PBXProject section */
		CE3E3D082DDF7D9100D699CC /* Project object */ = {
			isa = PBXProject;
			attributes = {
				BuildIndependentTargetsInParallel = 1;
				LastSwiftUpdateCheck = 1630;
				LastUpgradeCheck = 1630;
				TargetAttributes = {
					CE3E3D0F2DDF7D9100D699CC = {
						CreatedOnToolsVersion = 16.3;
					};
					CE3E3D1E2DDF7D9400D699CC = {
						CreatedOnToolsVersion = 16.3;
						TestTargetID = CE3E3D0F2DDF7D9100D699CC;
					};
					CE3E3D282DDF7D9400D699CC = {
						CreatedOnToolsVersion = 16.3;
						TestTargetID = CE3E3D0F2DDF7D9100D699CC;
					};
				};
			};
			buildConfigurationList = CE3E3D0B2DDF7D9100D699CC /* Build configuration list for PBXProject "ios-example" */;
			developmentRegion = en;
			hasScannedForEncodings = 0;
			knownRegions = (
				en,
				Base,
			);
			mainGroup = CE3E3D072DDF7D9100D699CC;
			minimizedProjectReferenceProxies = 1;
			preferredProjectObjectVersion = 77;
			productRefGroup = CE3E3D112DDF7D9100D699CC /* Products */;
			projectDirPath = "";
			projectRoot = "";
			targets = (
				CE3E3D0F2DDF7D9100D699CC /* ios-example */,
				CE3E3D1E2DDF7D9400D699CC /* ios-exampleTests */,
				CE3E3D282DDF7D9400D699CC /* ios-exampleUITests */,
			);
		};
/* End PBXProject section */

/* Begin PBXResourcesBuildPhase section */
		CE3E3D0E2DDF7D9100D699CC /* Resources */ = {
			isa = PBXResourcesBuildPhase;
			buildActionMask = 2147483647;
			files = (
			);
			runOnlyForDeploymentPostprocessing = 0;
		};
		CE3E3D1D2DDF7D9400D699CC /* Resources */ = {
			isa = PBXResourcesBuildPhase;
			buildActionMask = 2147483647;
			files = (
			);
			runOnlyForDeploymentPostprocessing = 0;
		};
		CE3E3D272DDF7D9400D699CC /* Resources */ = {
			isa = PBXResourcesBuildPhase;
			buildActionMask = 2147483647;
			files = (
			);
			runOnlyForDeploymentPostprocessing = 0;
		};
/* End PBXResourcesBuildPhase section */

/* Begin PBXSourcesBuildPhase section */
		CE3E3D0C2DDF7D9100D699CC /* Sources */ = {
			isa = PBXSourcesBuildPhase;
			buildActionMask = 2147483647;
			files = (
			);
			runOnlyForDeploymentPostprocessing = 0;
		};
		CE3E3D1B2DDF7D9400D699CC /* Sources */ = {
			isa = PBXSourcesBuildPhase;
			buildActionMask = 2147483647;
			files = (
			);
			runOnlyForDeploymentPostprocessing = 0;
		};
		CE3E3D252DDF7D9400D699CC /* Sources */ = {
			isa = PBXSourcesBuildPhase;
			buildActionMask = 2147483647;
			files = (
			);
			runOnlyForDeploymentPostprocessing = 0;
		};
/* End PBXSourcesBuildPhase section */

/* Begin PBXTargetDependency section */
		CE3E3D212DDF7D9400D699CC /* PBXTargetDependency */ = {
			isa = PBXTargetDependency;
			target = CE3E3D0F2DDF7D9100D699CC /* ios-example */;
			targetProxy = CE3E3D202DDF7D9400D699CC /* PBXContainerItemProxy */;
		};
		CE3E3D2B2DDF7D9400D699CC /* PBXTargetDependency */ = {
			isa = PBXTargetDependency;
			target = CE3E3D0F2DDF7D9100D699CC /* ios-example */;
			targetProxy = CE3E3D2A2DDF7D9400D699CC /* PBXContainerItemProxy */;
		};
/* End PBXTargetDependency section */

/* Begin XCBuildConfiguration section */
		CE3E3D312DDF7D9400D699CC /* Debug */ = {
			isa = XCBuildConfiguration;
			buildSettings = {
				ALWAYS_SEARCH_USER_PATHS = NO;
				ASSETCATALOG_COMPILER_GENERATE_SWIFT_ASSET_SYMBOL_EXTENSIONS = YES;
				CLANG_ANALYZER_NONNULL = YES;
				CLANG_ANALYZER_NUMBER_OBJECT_CONVERSION = YES_AGGRESSIVE;
				CLANG_CXX_LANGUAGE_STANDARD = "gnu++20";
				CLANG_ENABLE_MODULES = YES;
				CLANG_ENABLE_OBJC_ARC = YES;
				CLANG_ENABLE_OBJC_WEAK = YES;
				CLANG_WARN_BLOCK_CAPTURE_AUTORELEASING = YES;
				CLANG_WARN_BOOL_CONVERSION = YES;
				CLANG_WARN_COMMA = YES;
				CLANG_WARN_CONSTANT_CONVERSION = YES;
				CLANG_WARN_DEPRECATED_OBJC_IMPLEMENTATIONS = YES;
				CLANG_WARN_DIRECT_OBJC_ISA_USAGE = YES_ERROR;
				CLANG_WARN_DOCUMENTATION_COMMENTS = YES;
				CLANG_WARN_EMPTY_BODY = YES;
				CLANG_WARN_ENUM_CONVERSION = YES;
				CLANG_WARN_INFINITE_RECURSION = YES;
				CLANG_WARN_INT_CONVERSION = YES;
				CLANG_WARN_NON_LITERAL_NULL_CONVERSION = YES;
				CLANG_WARN_OBJC_IMPLICIT_RETAIN_SELF = YES;
				CLANG_WARN_OBJC_LITERAL_CONVERSION = YES;
				CLANG_WARN_OBJC_ROOT_CLASS = YES_ERROR;
				CLANG_WARN_QUOTED_INCLUDE_IN_FRAMEWORK_HEADER = YES;
				CLANG_WARN_RANGE_LOOP_ANALYSIS = YES;
				CLANG_WARN_STRICT_PROTOTYPES = YES;
				CLANG_WARN_SUSPICIOUS_MOVE = YES;
				CLANG_WARN_UNGUARDED_AVAILABILITY = YES_AGGRESSIVE;
				CLANG_WARN_UNREACHABLE_CODE = YES;
				CLANG_WARN__DUPLICATE_METHOD_MATCH = YES;
				COPY_PHASE_STRIP = NO;
				DEBUG_INFORMATION_FORMAT = dwarf;
				ENABLE_STRICT_OBJC_MSGSEND = YES;
				ENABLE_TESTABILITY = YES;
				ENABLE_USER_SCRIPT_SANDBOXING = YES;
				GCC_C_LANGUAGE_STANDARD = gnu17;
				GCC_DYNAMIC_NO_PIC = NO;
				GCC_NO_COMMON_BLOCKS = YES;
				GCC_OPTIMIZATION_LEVEL = 0;
				GCC_PREPROCESSOR_DEFINITIONS = (
					"DEBUG=1",
					"$(inherited)",
				);
				GCC_WARN_64_TO_32_BIT_CONVERSION = YES;
				GCC_WARN_ABOUT_RETURN_TYPE = YES_ERROR;
				GCC_WARN_UNDECLARED_SELECTOR = YES;
				GCC_WARN_UNINITIALIZED_AUTOS = YES_AGGRESSIVE;
				GCC_WARN_UNUSED_FUNCTION = YES;
				GCC_WARN_UNUSED_VARIABLE = YES;
				IPHONEOS_DEPLOYMENT_TARGET = 18.4;
				LOCALIZATION_PREFERS_STRING_CATALOGS = YES;
				MTL_ENABLE_DEBUG_INFO = INCLUDE_SOURCE;
				MTL_FAST_MATH = YES;
				ONLY_ACTIVE_ARCH = YES;
				SDKROOT = iphoneos;
				SWIFT_ACTIVE_COMPILATION_CONDITIONS = "DEBUG $(inherited)";
				SWIFT_OPTIMIZATION_LEVEL = "-Onone";
			};
			name = Debug;
		};
		CE3E3D322DDF7D9400D699CC /* Release */ = {
			isa = XCBuildConfiguration;
			buildSettings = {
				ALWAYS_SEARCH_USER_PATHS = NO;
				ASSETCATALOG_COMPILER_GENERATE_SWIFT_ASSET_SYMBOL_EXTENSIONS = YES;
				CLANG_ANALYZER_NONNULL = YES;
				CLANG_ANALYZER_NUMBER_OBJECT_CONVERSION = YES_AGGRESSIVE;
				CLANG_CXX_LANGUAGE_STANDARD = "gnu++20";
				CLANG_ENABLE_MODULES = YES;
				CLANG_ENABLE_OBJC_ARC = YES;
				CLANG_ENABLE_OBJC_WEAK = YES;
				CLANG_WARN_BLOCK_CAPTURE_AUTORELEASING = YES;
				CLANG_WARN_BOOL_CONVERSION = YES;
				CLANG_WARN_COMMA = YES;
				CLANG_WARN_CONSTANT_CONVERSION = YES;
				CLANG_WARN_DEPRECATED_OBJC_IMPLEMENTATIONS = YES;
				CLANG_WARN_DIRECT_OBJC_ISA_USAGE = YES_ERROR;
				CLANG_WARN_DOCUMENTATION_COMMENTS = YES;
				CLANG_WARN_EMPTY_BODY = YES;
				CLANG_WARN_ENUM_CONVERSION = YES;
				CLANG_WARN_INFINITE_RECURSION = YES;
				CLANG_WARN_INT_CONVERSION = YES;
				CLANG_WARN_NON_LITERAL_NULL_CONVERSION = YES;
				CLANG_WARN_OBJC_IMPLICIT_RETAIN_SELF = YES;
				CLANG_WARN_OBJC_LITERAL_CONVERSION = YES;
				CLANG_WARN_OBJC_ROOT_CLASS = YES_ERROR;
				CLANG_WARN_QUOTED_INCLUDE_IN_FRAMEWORK_HEADER = YES;
				CLANG_WARN_RANGE_LOOP_ANALYSIS = YES;
				CLANG_WARN_STRICT_PROTOTYPES = YES;
				CLANG_WARN_SUSPICIOUS_MOVE = YES;
				CLANG_WARN_UNGUARDED_AVAILABILITY = YES_AGGRESSIVE;
				CLANG_WARN_UNREACHABLE_CODE = YES;
				CLANG_WARN__DUPLICATE_METHOD_MATCH = YES;
				COPY_PHASE_STRIP = NO;
				DEBUG_INFORMATION_FORMAT = "dwarf-with-dsym";
				ENABLE_NS_ASSERTIONS = NO;
				ENABLE_STRICT_OBJC_MSGSEND = YES;
				ENABLE_USER_SCRIPT_SANDBOXING = YES;
				GCC_C_LANGUAGE_STANDARD = gnu17;
				GCC_NO_COMMON_BLOCKS = YES;
				GCC_WARN_64_TO_32_BIT_CONVERSION = YES;
				GCC_WARN_ABOUT_RETURN_TYPE = YES_ERROR;
				GCC_WARN_UNDECLARED_SELECTOR = YES;
				GCC_WARN_UNINITIALIZED_AUTOS = YES_AGGRESSIVE;
				GCC_WARN_UNUSED_FUNCTION = YES;
				GCC_WARN_UNUSED_VARIABLE = YES;
				IPHONEOS_DEPLOYMENT_TARGET = 18.4;
				LOCALIZATION_PREFERS_STRING_CATALOGS = YES;
				MTL_ENABLE_DEBUG_INFO = NO;
				MTL_FAST_MATH = YES;
				SDKROOT = iphoneos;
				SWIFT_COMPILATION_MODE = wholemodule;
				VALIDATE_PRODUCT = YES;
			};
			name = Release;
		};
		CE3E3D342DDF7D9400D699CC /* Debug */ = {
			isa = XCBuildConfiguration;
			buildSettings = {
				ASSETCATALOG_COMPILER_APPICON_NAME = AppIcon;
				ASSETCATALOG_COMPILER_GLOBAL_ACCENT_COLOR_NAME = AccentColor;
				CODE_SIGN_STYLE = Automatic;
				CURRENT_PROJECT_VERSION = 1;
				ENABLE_PREVIEWS = YES;
				GENERATE_INFOPLIST_FILE = YES;
				INFOPLIST_KEY_UIApplicationSceneManifest_Generation = YES;
				INFOPLIST_KEY_UIApplicationSupportsIndirectInputEvents = YES;
				INFOPLIST_KEY_UILaunchScreen_Generation = YES;
				INFOPLIST_KEY_UISupportedInterfaceOrientations_iPad = "UIInterfaceOrientationPortrait UIInterfaceOrientationPortraitUpsideDown UIInterfaceOrientationLandscapeLeft UIInterfaceOrientationLandscapeRight";
				INFOPLIST_KEY_UISupportedInterfaceOrientations_iPhone = "UIInterfaceOrientationPortrait UIInterfaceOrientationLandscapeLeft UIInterfaceOrientationLandscapeRight";
				LD_RUNPATH_SEARCH_PATHS = (
					"$(inherited)",
					"@executable_path/Frameworks",
				);
				MARKETING_VERSION = 1.0;
				PRODUCT_BUNDLE_IDENTIFIER = "com.conscioustahoe.ios-example";
				PRODUCT_NAME = "$(TARGET_NAME)";
				SWIFT_EMIT_LOC_STRINGS = YES;
				SWIFT_VERSION = 5.0;
				TARGETED_DEVICE_FAMILY = "1,2";
			};
			name = Debug;
		};
		CE3E3D352DDF7D9400D699CC /* Release */ = {
			isa = XCBuildConfiguration;
			buildSettings = {
				ASSETCATALOG_COMPILER_APPICON_NAME = AppIcon;
				ASSETCATALOG_COMPILER_GLOBAL_ACCENT_COLOR_NAME = AccentColor;
				CODE_SIGN_STYLE = Automatic;
				CURRENT_PROJECT_VERSION = 1;
				ENABLE_PREVIEWS = YES;
				GENERATE_INFOPLIST_FILE = YES;
				INFOPLIST_KEY_UIApplicationSceneManifest_Generation = YES;
				INFOPLIST_KEY_UIApplicationSupportsIndirectInputEvents = YES;
				INFOPLIST_KEY_UILaunchScreen_Generation = YES;
				INFOPLIST_KEY_UISupportedInterfaceOrientations_iPad = "UIInterfaceOrientationPortrait UIInterfaceOrientationPortraitUpsideDown UIInterfaceOrientationLandscapeLeft UIInterfaceOrientationLandscapeRight";
				INFOPLIST_KEY_UISupportedInterfaceOrientations_iPhone = "UIInterfaceOrientationPortrait UIInterfaceOrientationLandscapeLeft UIInterfaceOrientationLandscapeRight";
				LD_RUNPATH_SEARCH_PATHS = (
					"$(inherited)",
					"@executable_path/Frameworks",
				);
				MARKETING_VERSION = 1.0;
				PRODUCT_BUNDLE_IDENTIFIER = "com.conscioustahoe.ios-example";
				PRODUCT_NAME = "$(TARGET_NAME)";
				SWIFT_EMIT_LOC_STRINGS = YES;
				SWIFT_VERSION = 5.0;
				TARGETED_DEVICE_FAMILY = "1,2";
			};
			name = Release;
		};
		CE3E3D372DDF7D9400D699CC /* Debug */ = {
			isa = XCBuildConfiguration;
			buildSettings = {
				BUNDLE_LOADER = "$(TEST_HOST)";
				CODE_SIGN_STYLE = Automatic;
				CURRENT_PROJECT_VERSION = 1;
				GENERATE_INFOPLIST_FILE = YES;
				IPHONEOS_DEPLOYMENT_TARGET = 18.4;
				MARKETING_VERSION = 1.0;
				PRODUCT_BUNDLE_IDENTIFIER = "com.conscioustahoe.ios-exampleTests";
				PRODUCT_NAME = "$(TARGET_NAME)";
				SWIFT_EMIT_LOC_STRINGS = NO;
				SWIFT_VERSION = 5.0;
				TARGETED_DEVICE_FAMILY = "1,2";
				TEST_HOST = "$(BUILT_PRODUCTS_DIR)/ios-example.app/$(BUNDLE_EXECUTABLE_FOLDER_PATH)/ios-example";
			};
			name = Debug;
		};
		CE3E3D382DDF7D9400D699CC /* Release */ = {
			isa = XCBuildConfiguration;
			buildSettings = {
				BUNDLE_LOADER = "$(TEST_HOST)";
				CODE_SIGN_STYLE = Automatic;
				CURRENT_PROJECT_VERSION = 1;
				GENERATE_INFOPLIST_FILE = YES;
				IPHONEOS_DEPLOYMENT_TARGET = 18.4;
				MARKETING_VERSION = 1.0;
				PRODUCT_BUNDLE_IDENTIFIER = "com.conscioustahoe.ios-exampleTests";
				PRODUCT_NAME = "$(TARGET_NAME)";
				SWIFT_EMIT_LOC_STRINGS = NO;
				SWIFT_VERSION = 5.0;
				TARGETED_DEVICE_FAMILY = "1,2";
				TEST_HOST = "$(BUILT_PRODUCTS_DIR)/ios-example.app/$(BUNDLE_EXECUTABLE_FOLDER_PATH)/ios-example";
			};
			name = Release;
		};
		CE3E3D3A2DDF7D9400D699CC /* Debug */ = {
			isa = XCBuildConfiguration;
			buildSettings = {
				CODE_SIGN_STYLE = Automatic;
				CURRENT_PROJECT_VERSION = 1;
				GENERATE_INFOPLIST_FILE = YES;
				MARKETING_VERSION = 1.0;
				PRODUCT_BUNDLE_IDENTIFIER = "com.conscioustahoe.ios-exampleUITests";
				PRODUCT_NAME = "$(TARGET_NAME)";
				SWIFT_EMIT_LOC_STRINGS = NO;
				SWIFT_VERSION = 5.0;
				TARGETED_DEVICE_FAMILY = "1,2";
				TEST_TARGET_NAME = "ios-example";
			};
			name = Debug;
		};
		CE3E3D3B2DDF7D9400D699CC /* Release */ = {
			isa = XCBuildConfiguration;
			buildSettings = {
				CODE_SIGN_STYLE = Automatic;
				CURRENT_PROJECT_VERSION = 1;
				GENERATE_INFOPLIST_FILE = YES;
				MARKETING_VERSION = 1.0;
				PRODUCT_BUNDLE_IDENTIFIER = "com.conscioustahoe.ios-exampleUITests";
				PRODUCT_NAME = "$(TARGET_NAME)";
				SWIFT_EMIT_LOC_STRINGS = NO;
				SWIFT_VERSION = 5.0;
				TARGETED_DEVICE_FAMILY = "1,2";
				TEST_TARGET_NAME = "ios-example";
			};
			name = Release;
		};
/* End XCBuildConfiguration section */

/* Begin XCConfigurationList section */
		CE3E3D0B2DDF7D9100D699CC /* Build configuration list for PBXProject "ios-example" */ = {
			isa = XCConfigurationList;
			buildConfigurations = (
				CE3E3D312DDF7D9400D699CC /* Debug */,
				CE3E3D322DDF7D9400D699CC /* Release */,
			);
			defaultConfigurationIsVisible = 0;
			defaultConfigurationName = Release;
		};
		CE3E3D332DDF7D9400D699CC /* Build configuration list for PBXNativeTarget "ios-example" */ = {
			isa = XCConfigurationList;
			buildConfigurations = (
				CE3E3D342DDF7D9400D699CC /* Debug */,
				CE3E3D352DDF7D9400D699CC /* Release */,
			);
			defaultConfigurationIsVisible = 0;
			defaultConfigurationName = Release;
		};
		CE3E3D362DDF7D9400D699CC /* Build configuration list for PBXNativeTarget "ios-exampleTests" */ = {
			isa = XCConfigurationList;
			buildConfigurations = (
				CE3E3D372DDF7D9400D699CC /* Debug */,
				CE3E3D382DDF7D9400D699CC /* Release */,
			);
			defaultConfigurationIsVisible = 0;
			defaultConfigurationName = Release;
		};
		CE3E3D392DDF7D9400D699CC /* Build configuration list for PBXNativeTarget "ios-exampleUITests" */ = {
			isa = XCConfigurationList;
			buildConfigurations = (
				CE3E3D3A2DDF7D9400D699CC /* Debug */,
				CE3E3D3B2DDF7D9400D699CC /* Release */,
			);
			defaultConfigurationIsVisible = 0;
			defaultConfigurationName = Release;
		};
/* End XCConfigurationList section */
	};
	rootObject = CE3E3D082DDF7D9100D699CC /* Project object */;
}
